PODS:
  - AFNetworking (3.2.1):
    - AFNetworking/NSURLSession (= 3.2.1)
    - AFNetworking/Reachability (= 3.2.1)
    - AFNetworking/Security (= 3.2.1)
    - AFNetworking/Serialization (= 3.2.1)
    - AFNetworking/UIKit (= 3.2.1)
  - AFNetworking/NSURLSession (3.2.1):
    - AFNetworking/Reachability
    - AFNetworking/Security
    - AFNetworking/Serialization
  - AFNetworking/Reachability (3.2.1)
  - AFNetworking/Security (3.2.1)
  - AFNetworking/Serialization (3.2.1)
  - AFNetworking/UIKit (3.2.1):
    - AFNetworking/NSURLSession
  - ARSegmentPager (1.1.2)
  - BlocksKit (2.2.5):
    - BlocksKit/All (= 2.2.5)
  - BlocksKit/All (2.2.5):
    - BlocksKit/Core
    - BlocksKit/DynamicDelegate
    - BlocksKit/MessageUI
    - BlocksKit/UIKit
  - BlocksKit/Core (2.2.5)
  - BlocksKit/DynamicDelegate (2.2.5)
  - BlocksKit/MessageUI (2.2.5):
    - BlocksKit/Core
    - BlocksKit/DynamicDelegate
  - BlocksKit/UIKit (2.2.5):
    - BlocksKit/Core
    - BlocksKit/DynamicDelegate
  - BRFlabbyTable (1.0.0)
  - ChameleonFramework (2.1.0):
    - ChameleonFramework/Default (= 2.1.0)
  - ChameleonFramework/Default (2.1.0)
  - CocoaLumberjack (3.4.2):
    - CocoaLumberjack/Default (= 3.4.2)
    - CocoaLumberjack/Extensions (= 3.4.2)
  - CocoaLumberjack/Default (3.4.2)
  - CocoaLumberjack/Extensions (3.4.2):
    - CocoaLumberjack/Default
  - ContextMenu.iOS (1.1.0)
  - CWStatusBarNotification (2.3.5)
  - CYLTabBarController (1.17.16)
  - DKNightVersion (2.4.3):
    - DKNightVersion/Core (= 2.4.3)
    - DKNightVersion/CoreAnimation (= 2.4.3)
    - DKNightVersion/UIKit (= 2.4.3)
  - DKNightVersion/Core (2.4.3):
    - DKNightVersion/Core/DeallocBlockExecutor (= 2.4.3)
    - DKNightVersion/Core/extobjc (= 2.4.3)
  - DKNightVersion/Core/DeallocBlockExecutor (2.4.3)
  - DKNightVersion/Core/extobjc (2.4.3)
  - DKNightVersion/CoreAnimation (2.4.3):
    - DKNightVersion/Core
  - DKNightVersion/UIKit (2.4.3):
    - DKNightVersion/Core
  - DOPDropDownMenu-Enhanced (1.0.0)
  - EasyFoundation (1.0.0):
    - EasySequence (~> 1.3.0)
    - EasyTuple (~> 1.1.0)
  - EasyReact (2.2.1):
    - EasyFoundation (~> 1.0.0)
  - EasySequence (1.3.0)
  - EasyTuple (1.1.2)
  - Expecta (1.0.6)
  - "Expecta+Snapshots (3.1.1)":
    - Expecta (~> 1.0)
    - FBSnapshotTestCase/Core (~> 2.0)
    - Specta (~> 1.0)
  - FBSnapshotTestCase (2.1.4):
    - FBSnapshotTestCase/SwiftSupport (= 2.1.4)
  - FBSnapshotTestCase/Core (2.1.4)
  - FBSnapshotTestCase/SwiftSupport (2.1.4):
    - FBSnapshotTestCase/Core
  - FCFileManager (1.0.20)
  - FDFullscreenPopGesture (1.1)
  - FDStackView (1.0.1)
  - FMDB (2.7.2):
    - FMDB/standard (= 2.7.2)
  - FMDB/standard (2.7.2)
  - FSCalendar (2.7.9)
  - GreedoLayout (1.2.0)
  - HCSStarRatingView (1.5)
  - HMSegmentedControl (1.5.5)
  - HTPressableButton (1.3.3):
    - HTPressableButton/All (= 1.3.3)
  - HTPressableButton/All (1.3.3)
  - IAPHelper (1.1)
  - IGLDropDownMenu (1.6.2)
  - iOS-blur (0.0.5)
  - IQKeyboardManager (6.1.1)
  - JDStatusBarNotification (1.5.6)
  - JGProgressHUD (2.0.3)
  - JHChainableAnimations (3.0.1)
  - JKCategories (1.7)
  - JLRoutes (2.1)
  - JSONModel (1.7.0)
  - JVFloatingDrawer (0.1.0)
  - JVFloatLabeledTextField (1.2.1)
  - LGSideMenuController (2.1.1)
  - libwebp (0.6.1):
    - libwebp/core (= 0.6.1)
    - libwebp/dec (= 0.6.1)
    - libwebp/demux (= 0.6.1)
    - libwebp/dsp (= 0.6.1)
    - libwebp/enc (= 0.6.1)
    - libwebp/mux (= 0.6.1)
    - libwebp/utils (= 0.6.1)
    - libwebp/webp (= 0.6.1)
  - libwebp/core (0.6.1):
    - libwebp/webp
  - libwebp/dec (0.6.1):
    - libwebp/core
  - libwebp/demux (0.6.1):
    - libwebp/core
  - libwebp/dsp (0.6.1):
    - libwebp/core
  - libwebp/enc (0.6.1):
    - libwebp/core
  - libwebp/mux (0.6.1):
    - libwebp/core
  - libwebp/utils (0.6.1):
    - libwebp/core
  - libwebp/webp (0.6.1)
  - LSAnimator (2.1.3)
  - LXMButtonImagePosition (1.2.0)
  - MarqueeLabel (3.1.6):
    - MarqueeLabel/ObjC (= 3.1.6)
  - MarqueeLabel/ObjC (3.1.6)
  - Masonry (1.1.0)
  - MBCircularProgressBar (0.3.5)
  - MJExtension (3.0.15.1)
  - MJRefresh (3.1.15.3)
  - MyLayout (1.6.0)
  - NgKeyboardTracker (1.0.8)
  - "NSDate+TimeAgo (1.0.6)"
  - NYXImagesKit (2.3)
  - Ophiuchus (1.0.3)
  - PromisesObjC (1.2.3)
  - Pull-to-Refresh.Rentals-IOS (1.0)
  - PureLayout (3.0.2)
  - PYSearch (0.9.0)
  - RACollectionViewReorderableTripletLayout (0.1.0)
  - ReactiveObjC (3.1.0)
  - Realm (3.7.6):
    - Realm/Headers (= 3.7.6)
  - Realm/Headers (3.7.6)
  - RKDropdownAlert (0.3.0)
  - RxWebViewController (0.0.2)
  - SCLAlertView-Objective-C (1.1.5)
  - SDWebImage (4.4.2):
    - SDWebImage/Core (= 4.4.2)
  - SDWebImage/Core (4.4.2)
  - SDWebImage/WebP (4.4.2):
    - libwebp (~> 0.5)
    - SDWebImage/Core
  - Specta (1.0.7)
  - SVProgressHUD (2.2.5)
  - SwipeTableView (0.2.6)
  - TimesSquare (1.0.2)
  - TLYShyNavBar (1.1.1)
  - Toast (4.0.0)
  - TOWebViewController (2.2.8):
    - TOWebViewController/Core (= 2.2.8)
  - TOWebViewController/Core (2.2.8)
  - TYAlertController (1.2.0)
  - TYAttributedLabel (2.6.6)
  - TYPagerController (2.1.2)
  - UIScrollView-InfiniteScroll (1.1.0)
  - "UITableView+FDTemplateLayoutCell (1.6)"
  - "UITextView+Placeholder (1.2.1)"
  - Valet (3.1.4)
  - VidaliciousFakebookObjC (0.1.0):
    - AFNetworking
    - ARSegmentPager
    - BlocksKit
    - BRFlabbyTable
    - ChameleonFramework
    - CocoaLumberjack
    - ContextMenu.iOS
    - CWStatusBarNotification
    - CYLTabBarController
    - DKNightVersion
    - DOPDropDownMenu-Enhanced
    - EasyReact
    - FCFileManager
    - FDFullscreenPopGesture
    - FDStackView
    - FMDB
    - FSCalendar
    - GreedoLayout
    - HCSStarRatingView
    - HMSegmentedControl
    - HTPressableButton
    - IAPHelper
    - IGLDropDownMenu
    - iOS-blur
    - IQKeyboardManager
    - JDStatusBarNotification
    - JGProgressHUD
    - JHChainableAnimations
    - JKCategories
    - JLRoutes
    - JSONModel
    - JVFloatingDrawer
    - JVFloatLabeledTextField
    - LGSideMenuController
    - LSAnimator
    - LXMButtonImagePosition
    - MarqueeLabel
    - Masonry
    - MBCircularProgressBar
    - MJExtension
    - MJRefresh
    - MyLayout
    - NgKeyboardTracker
    - "NSDate+TimeAgo"
    - NYXImagesKit
    - Ophiuchus
    - PromisesObjC
    - Pull-to-Refresh.Rentals-IOS
    - PureLayout
    - PYSearch
    - RACollectionViewReorderableTripletLayout
    - ReactiveObjC
    - Realm
    - RKDropdownAlert
    - RxWebViewController
    - SCLAlertView-Objective-C
    - SDWebImage
    - SDWebImage/WebP
    - SVProgressHUD
    - SwipeTableView
    - TimesSquare
    - TLYShyNavBar
    - Toast
    - TOWebViewController
    - TYAlertController
    - TYAttributedLabel
    - TYPagerController
    - UIScrollView-InfiniteScroll
    - "UITableView+FDTemplateLayoutCell"
    - "UITextView+Placeholder"
    - Valet
    - VTAcknowledgementsViewController
    - WMPageController
    - XLForm
    - ZFDragableModalTransition
  - VTAcknowledgementsViewController (1.4.1)
  - WMPageController (2.5.2)
  - XLForm (4.0.0)
  - ZFDragableModalTransition (0.6)

DEPENDENCIES:
  - Expecta
  - "Expecta+Snapshots"
  - FBSnapshotTestCase
  - Specta
  - VidaliciousFakebookObjC (from `../`)

SPEC REPOS:
  https://github.com/cocoapods/specs.git:
    - AFNetworking
    - ARSegmentPager
    - BlocksKit
    - BRFlabbyTable
    - ChameleonFramework
    - CocoaLumberjack
    - ContextMenu.iOS
    - CWStatusBarNotification
    - CYLTabBarController
    - DKNightVersion
    - DOPDropDownMenu-Enhanced
    - EasyFoundation
    - EasyReact
    - EasySequence
    - EasyTuple
    - Expecta
    - "Expecta+Snapshots"
    - FBSnapshotTestCase
    - FCFileManager
    - FDFullscreenPopGesture
    - FDStackView
    - FMDB
    - FSCalendar
    - GreedoLayout
    - HCSStarRatingView
    - HMSegmentedControl
    - HTPressableButton
    - IAPHelper
    - IGLDropDownMenu
    - iOS-blur
    - IQKeyboardManager
    - JDStatusBarNotification
    - JGProgressHUD
    - JHChainableAnimations
    - JKCategories
    - JLRoutes
    - JSONModel
    - JVFloatingDrawer
    - JVFloatLabeledTextField
    - LGSideMenuController
    - libwebp
    - LSAnimator
    - LXMButtonImagePosition
    - MarqueeLabel
    - Masonry
    - MBCircularProgressBar
    - MJExtension
    - MJRefresh
    - MyLayout
    - NgKeyboardTracker
    - "NSDate+TimeAgo"
    - NYXImagesKit
    - Ophiuchus
    - PromisesObjC
    - Pull-to-Refresh.Rentals-IOS
    - PureLayout
    - PYSearch
    - RACollectionViewReorderableTripletLayout
    - ReactiveObjC
    - Realm
    - RKDropdownAlert
    - RxWebViewController
    - SCLAlertView-Objective-C
    - SDWebImage
    - Specta
    - SVProgressHUD
    - SwipeTableView
    - TimesSquare
    - TLYShyNavBar
    - Toast
    - TOWebViewController
    - TYAlertController
    - TYAttributedLabel
    - TYPagerController
    - UIScrollView-InfiniteScroll
    - "UITableView+FDTemplateLayoutCell"
    - "UITextView+Placeholder"
    - Valet
    - VTAcknowledgementsViewController
    - WMPageController
    - XLForm
    - ZFDragableModalTransition

EXTERNAL SOURCES:
  VidaliciousFakebookObjC:
    :path: "../"

SPEC CHECKSUMS:
  AFNetworking: b6f891fdfaed196b46c7a83cf209e09697b94057
  ARSegmentPager: daff3a6a14c71280a7494e404e658df45a38e3ae
  BlocksKit: 7f422b971407001178d181a43b99014ea2591fe6
  BRFlabbyTable: 6710334ce94379ee0119db6e9917cfadee0c33e0
  ChameleonFramework: d21a3cc247abfe5e37609a283a8238b03575cf64
  CocoaLumberjack: db7cc9e464771f12054c22ff6947c5a58d43a0fd
  ContextMenu.iOS: 7f3b63915e660f51aada2c4285c40a837b2c9737
  CWStatusBarNotification: 3d2738b25c3207f60cc50201388d3c96182545ff
  CYLTabBarController: fb72c648645336953d522407892c4f61b7b3f898
  DKNightVersion: eaa80cc4014b4bae7d4b535fd87ecc6a3c2767b3
  DOPDropDownMenu-Enhanced: 9ec473b16351b5b0b2d6ef87e7f666fe5ff54ad5
  EasyFoundation: a4bb86dd4ba01cb720f5320c314c5628ee237acd
  EasyReact: c80e20041c83f51307405277b93df386a1ed8728
  EasySequence: 1db9bb7b915052d3589d79c30ece1f0e160af550
  EasyTuple: a6a068ab3aa47e899a0c9f9ee23ddb394542ea9e
  Expecta: 3b6bd90a64b9a1dcb0b70aa0e10a7f8f631667d5
  "Expecta+Snapshots": dcff217eef506dabd6dfdc7864ea2da321fafbb8
  FBSnapshotTestCase: 094f9f314decbabe373b87cc339bea235a63e07a
  FCFileManager: e0f73316e6aa2eb04d2ff4caa75fe7df1ae44270
  FDFullscreenPopGesture: a8a620179e3d9c40e8e00256dcee1c1a27c6d0f0
  FDStackView: fc0697e5be2022c8af36ce66e9e2061006058ba8
  FMDB: 6198a90e7b6900cfc046e6bc0ef6ebb7be9236aa
  FSCalendar: a04b09f16f811bc92e82f3cf852a15225233b9d5
  GreedoLayout: b1a1adc6ed5f281353225e3eb21d18cedee8e513
  HCSStarRatingView: 1d18f79654735514cd6f00e6d90e38cb6320dc31
  HMSegmentedControl: f514c6dad47aa3065e0ed2e8046b73efc71221b9
  HTPressableButton: 3109ba7972247ddbd387c8a22b0341b02369b31e
  IAPHelper: fd74f53b0ac142eed085777b88b86a11746a2dd4
  IGLDropDownMenu: ae118618ae858fa66ce7c2ac80ed9124a710b228
  iOS-blur: 8e4a4a2202b881e940869eca0c957808cbdf0a19
  IQKeyboardManager: 79c57795f5c2408d259d37b9da2ed07efcbb5225
  JDStatusBarNotification: d5829a8f2f291b23b8a54b87fac8bf2549945a2f
  JGProgressHUD: 12b20a8f4ffe05258f8635c1ab92816e451f904d
  JHChainableAnimations: 0237489ed063f0ec5b351f5c7bb26c1891517074
  JKCategories: 5136d903ed6a17e700cac984db9fc9dcfaad2954
  JLRoutes: d755245322b94227662ea3e43492fdca94e05c5b
  JSONModel: 840bc0fcffb24b8454d2c026bf26fea454b8e98d
  JVFloatingDrawer: 4782b1df21411aef2c1818f3b346cace02cc2e24
  JVFloatLabeledTextField: cfc44e3c4d493b2ed92ede8035e8e89c2912ba64
  LGSideMenuController: ae40c80983ab8b8801c7cef0a6804d43aaa72d45
  libwebp: 0f01098c6c17175391af621b2f14150f3ca16e16
  LSAnimator: 121e71b6f4ff29811875f01919b6571bc699938d
  LXMButtonImagePosition: 663e176be2c7e4ff99bcda808c364ebc3774af0f
  MarqueeLabel: 0c41f08ef5773e29c0f71064a8fa788a2fd8b365
  Masonry: 678fab65091a9290e40e2832a55e7ab731aad201
  MBCircularProgressBar: 0b795b722a5eb5b0923822f90474e2576a1a7855
  MJExtension: 19bc33ce2eee2d319760f5622562cf581a6ff756
  MJRefresh: b48380ae2b927b46c4ef000de9adb8dc748e1df7
  MyLayout: 271b9209342e98bce2f5a2f2004047c32aaaf1ed
  NgKeyboardTracker: 844e98833c76d76194fc8d1c40ed3efe6a50dc1a
  "NSDate+TimeAgo": 35601c619b2d59290055e4fe76e61d97677a2360
  NYXImagesKit: 8163e3335a40eaa173ca5bbbf81fafb57d3947eb
  Ophiuchus: 486de58f85284047835a26e23ac9fe4fe2255391
  PromisesObjC: a3a4263d8a9260214267e0b3788d0f83466ad449
  Pull-to-Refresh.Rentals-IOS: ced22aeed6f350c3307669a191008c190864d39f
  PureLayout: 4d550abe49a94f24c2808b9b95db9131685fe4cd
  PYSearch: 55175e6046e2e1b5236a90c780351988e914a015
  RACollectionViewReorderableTripletLayout: 929208004b2f8c2dde12326bf75b11e902959ddf
  ReactiveObjC: 2a38ea15335de4119d8b17caf1db1484f61db902
  Realm: 9eaecad54712d6246d08ba34c10f354e4715d7d3
  RKDropdownAlert: f4b3364c251829ad439dc666836a1f2dad26f4c7
  RxWebViewController: 79bcbf51aff13d93db9779404348b052ab0cd440
  SCLAlertView-Objective-C: 69c8932c332ce61ee9e693379451e2c0b09fb307
  SDWebImage: 624d6e296c69b244bcede364c72ae0430ac14681
  Specta: 3e1bd89c3517421982dc4d1c992503e48bd5fe66
  SVProgressHUD: 1428aafac632c1f86f62aa4243ec12008d7a51d6
  SwipeTableView: 67d8a2e6e18bd38c188fd4fabda0b278eaa08d2f
  TimesSquare: c4c201495df0ff694524659f640b49f0c26321f9
  TLYShyNavBar: d200e598923fbc2bd21a5c5efdfabf4898b11da0
  Toast: 91b396c56ee72a5790816f40d3a94dd357abc196
  TOWebViewController: 953a24619d32f7aa1d9d4098a74885a9236f7348
  TYAlertController: c121090edb0bea7426f987da94cdddd81eef4231
  TYAttributedLabel: cb8fc910d97eb5224936d4f692a78e042af691b2
  TYPagerController: 262556ecef99986d26ed77fb1288a198ed42f4af
  UIScrollView-InfiniteScroll: 3ef456bcbe759c19f510a383cff96e6647c98c98
  "UITableView+FDTemplateLayoutCell": 5c949b4a5059c404b442926c0e80f81d10a2d66f
  "UITextView+Placeholder": 0c3efd97f37ea64bde7f34cc6e90fe02e87b3909
  Valet: c06af94b443de7e490b3fc5fd28256637ab7fdbd
  VidaliciousFakebookObjC: 507705a6dfa0cf6b80cfe957129464c2498184b3
  VTAcknowledgementsViewController: 9a7d0f040f17dfa6d02fc731bec8b188e4b4ee59
  WMPageController: 0c7624d2b48e4f1ab92371688cf6744ed701575d
  XLForm: 04110197c12187dd28a6c7295d3d8b95f4fdb4de
  ZFDragableModalTransition: 0d294eaaba6edfcb9839595de765f9ca06a4b524

PODFILE CHECKSUM: a4097b03cf33d67a030bfdeaa96fcc423c49d472

COCOAPODS: 1.5.3
