PODS:
  - BlocksKit (2.2.5):
    - BlocksKit/All (= 2.2.5)
  - BlocksKit/All (2.2.5):
    - BlocksKit/Core
    - BlocksKit/DynamicDelegate
    - BlocksKit/MessageUI
    - BlocksKit/UIKit
  - BlocksKit/Core (2.2.5)
  - BlocksKit/DynamicDelegate (2.2.5)
  - BlocksKit/MessageUI (2.2.5):
    - BlocksKit/Core
    - BlocksKit/DynamicDelegate
  - BlocksKit/UIKit (2.2.5):
    - BlocksKit/Core
    - BlocksKit/DynamicDelegate
  - FBRetainCycleDetector (0.1.4)
  - MLeaksFinder (1.0.0):
    - FBRetainCycleDetector
  - ReactiveObjC (3.1.0)

DEPENDENCIES:
  - BlocksKit
  - MLeaksFinder
  - ReactiveObjC

SPEC REPOS:
  https://github.com/cocoapods/specs.git:
    - BlocksKit
    - FBRetainCycleDetector
    - MLeaksFinder
    - ReactiveObjC

SPEC CHECKSUMS:
  BlocksKit: 7f422b971407001178d181a43b99014ea2591fe6
  FBRetainCycleDetector: 46f8179bbb1c587deee3ea838a1a3ee02acf5015
  MLeaksFinder: 8c435bd2f6d070af18cff082b503b21adc130fc0
  ReactiveObjC: 2a38ea15335de4119d8b17caf1db1484f61db902

PODFILE CHECKSUM: 77df5f1a7016a80dd2856164c272ce27c6e05b7b

COCOAPODS: 1.5.3
